// !$*UTF8*$!
{
	archiveVersion = 1;
	classes = {
	};
	objectVersion = 46;
	objects = {

/* Begin PBXBuildFile section */
		49257DBB1D638DC300540BA3 /* main.m in Sources */ = {isa = PBXBuildFile; fileRef = 49257DBA1D638DC300540BA3 /* main.m */; };
		49257DC31D638DE500540BA3 /* Me.m in Sources */ = {isa = PBXBuildFile; fileRef = 49257DC21D638DE500540BA3 /* Me.m */; };
/* End PBXBuildFile section */

/* Begin PBXCopyFilesBuildPhase section */
		49257DB51D638DC300540BA3 /* CopyFiles */ = {
			isa = PBXCopyFilesBuildPhase;
			buildActionMask = 2147483647;
			dstPath = /usr/share/man/man1/;
			dstSubfolderSpec = 0;
			files = (
			);
			runOnlyForDeploymentPostprocessing = 1;
		};
/* End PBXCopyFilesBuildPhase section */

/* Begin PBXFileReference section */
		49257DB71D638DC300540BA3 /* Self Portrait */ = {isa = PBXFileReference; explicitFileType = "compiled.mach-o.executable"; includeInIndex = 0; path = "Self Portrait"; sourceTree = BUILT_PRODUCTS_DIR; };
		49257DBA1D638DC300540BA3 /* main.m */ = {isa = PBXFileReference; lastKnownFileType = sourcecode.c.objc; path = main.m; sourceTree = "<group>"; };
		49257DC11D638DE500540BA3 /* Me.h */ = {isa = PBXFileReference; fileEncoding = 4; lastKnownFileType = sourcecode.c.h; path = Me.h; sourceTree = "<group>"; };
		49257DC21D638DE500540BA3 /* Me.m */ = {isa = PBXFileReference; fileEncoding = 4; lastKnownFileType = sourcecode.c.objc; path = Me.m; sourceTree = "<group>"; };
/* End PBXFileReference section */

/* Begin PBXFrameworksBuildPhase section */
		49257DB41D638DC300540BA3 /* Frameworks */ = {
			isa = PBXFrameworksBuildPhase;
			buildActionMask = 2147483647;
			files = (
			);
			runOnlyForDeploymentPostprocessing = 0;
		};
/* End PBXFrameworksBuildPhase section */

/* Begin PBXGroup section */
		49257DAE1D638DC300540BA3 = {
			isa = PBXGroup;
			children = (
				49257DB91D638DC300540BA3 /* Self Portrait */,
				49257DB81D638DC300540BA3 /* Products */,
			);
			sourceTree = "<group>";
		};
		49257DB81D638DC300540BA3 /* Products */ = {
			isa = PBXGroup;
			children = (
				49257DB71D638DC300540BA3 /* Self Portrait */,
			);
			name = Products;
			sourceTree = "<group>";
		};
		49257DB91D638DC300540BA3 /* Self Portrait */ = {
			isa = PBXGroup;
			children = (
				49257DBA1D638DC300540BA3 /* main.m */,
				49257DC11D638DE500540BA3 /* Me.h */,
				49257DC21D638DE500540BA3 /* Me.m */,
			);
			path = "Self Portrait";
			sourceTree = "<group>";
		};
/* End PBXGroup section */

/* Begin PBXNativeTarget section */
		49257DB61D638DC300540BA3 /* Self Portrait */ = {
			isa = PBXNativeTarget;
			buildConfigurationList = 49257DBE1D638DC300540BA3 /* Build configuration list for PBXNativeTarget "Self Portrait" */;
			buildPhases = (
				49257DB31D638DC300540BA3 /* Sources */,
				49257DB41D638DC300540BA3 /* Frameworks */,
				49257DB51D638DC300540BA3 /* CopyFiles */,
			);
			buildRules = (
			);
			dependencies = (
			);
			name = "Self Portrait";
			productName = "Self Portrait";
			productReference = 49257DB71D638DC300540BA3 /* Self Portrait */;
			productType = "com.apple.product-type.tool";
		};
/* End PBXNativeTarget section */

/* Begin PBXProject section */
		49257DAF1D638DC300540BA3 /* Project object */ = {
			isa = PBXProject;
			attributes = {
				LastUpgradeCheck = 0800;
				ORGANIZATIONNAME = Invictus;
				TargetAttributes = {
					49257DB61D638DC300540BA3 = {
						CreatedOnToolsVersion = 8.0;
						ProvisioningStyle = Automatic;
					};
				};
			};
			buildConfigurationList = 49257DB21D638DC300540BA3 /* Build configuration list for PBXProject "Self Portrait" */;
			compatibilityVersion = "Xcode 3.2";
			developmentRegion = English;
			hasScannedForEncodings = 0;
			knownRegions = (
				en,
			);
			mainGroup = 49257DAE1D638DC300540BA3;
			productRefGroup = 49257DB81D638DC300540BA3 /* Products */;
			projectDirPath = "";
			projectRoot = "";
			targets = (
				49257DB61D638DC300540BA3 /* Self Portrait */,
			);
		};
/* End PBXProject section */

/* Begin PBXSourcesBuildPhase section */
		49257DB31D638DC300540BA3 /* Sources */ = {
			isa = PBXSourcesBuildPhase;
			buildActionMask = 2147483647;
			files = (
				49257DBB1D638DC300540BA3 /* main.m in Sources */,
				49257DC31D638DE500540BA3 /* Me.m in Sources */,
			);
			runOnlyForDeploymentPostprocessing = 0;
		};
/* End PBXSourcesBuildPhase section */

/* Begin XCBuildConfiguration section */
		49257DBC1D638DC300540BA3 /* Debug */ = {
			isa = XCBuildConfiguration;
			buildSettings = {
				ALWAYS_SEARCH_USER_PATHS = NO;
				CLANG_ANALYZER_NONNULL = YES;
				CLANG_CXX_LANGUAGE_STANDARD = "gnu++0x";
				CLANG_CXX_LIBRARY = "libc++";
				CLANG_ENABLE_MODULES = YES;
				CLANG_ENABLE_OBJC_ARC = YES;
				CLANG_WARN_BOOL_CONVERSION = YES;
				CLANG_WARN_CONSTANT_CONVERSION = YES;
				CLANG_WARN_DIRECT_OBJC_ISA_USAGE = YES_ERROR;
				CLANG_WARN_DOCUMENTATION_COMMENTS = YES;
				CLANG_WARN_EMPTY_BODY = YES;
				CLANG_WARN_ENUM_CONVERSION = YES;
				CLANG_WARN_INFINITE_RECURSION = YES;
				CLANG_WARN_INT_CONVERSION = YES;
				CLANG_WARN_OBJC_ROOT_CLASS = YES_ERROR;
				CLANG_WARN_SUSPICIOUS_MOVES = YES;
				CLANG_WARN_UNREACHABLE_CODE = YES;
				CLANG_WARN__DUPLICATE_METHOD_MATCH = YES;
				CODE_SIGN_IDENTITY = "-";
				COPY_PHASE_STRIP = NO;
				DEBUG_INFORMATION_FORMAT = dwarf;
				ENABLE_STRICT_OBJC_MSGSEND = YES;
				ENABLE_TESTABILITY = YES;
				GCC_C_LANGUAGE_STANDARD = gnu99;
				GCC_DYNAMIC_NO_PIC = NO;
				GCC_NO_COMMON_BLOCKS = YES;
				GCC_OPTIMIZATION_LEVEL = 0;
				GCC_PREPROCESSOR_DEFINITIONS = (
					"DEBUG=1",
					"$(inherited)",
				);
				GCC_WARN_64_TO_32_BIT_CONVERSION = YES;
				GCC_WARN_ABOUT_RETURN_TYPE = YES_ERROR;
				GCC_WARN_UNDECLARED_SELECTOR = YES;
				GCC_WARN_UNINITIALIZED_AUTOS = YES_AGGRESSIVE;
				GCC_WARN_UNUSED_FUNCTION = YES;
				GCC_WARN_UNUSED_VARIABLE = YES;
				MACOSX_DEPLOYMENT_TARGET = 10.11;
				MTL_ENABLE_DEBUG_INFO = YES;
				ONLY_ACTIVE_ARCH = YES;
				SDKROOT = macosx;
			};
			name = Debug;
		};
		49257DBD1D638DC300540BA3 /* Release */ = {
			isa = XCBuildConfiguration;
			buildSettings = {
				ALWAYS_SEARCH_USER_PATHS = NO;
				CLANG_ANALYZER_NONNULL = YES;
				CLANG_CXX_LANGUAGE_STANDARD = "gnu++0x";
				CLANG_CXX_LIBRARY = "libc++";
				CLANG_ENABLE_MODULES = YES;
				CLANG_ENABLE_OBJC_ARC = YES;
				CLANG_WARN_BOOL_CONVERSION = YES;
				CLANG_WARN_CONSTANT_CONVERSION = YES;
				CLANG_WARN_DIRECT_OBJC_ISA_USAGE = YES_ERROR;
				CLANG_WARN_DOCUMENTATION_COMMENTS = YES;
				CLANG_WARN_EMPTY_BODY = YES;
				CLANG_WARN_ENUM_CONVERSION = YES;
				CLANG_WARN_INFINITE_RECURSION = YES;
				CLANG_WARN_INT_CONVERSION = YES;
				CLANG_WARN_OBJC_ROOT_CLASS = YES_ERROR;
				CLANG_WARN_SUSPICIOUS_MOVES = YES;
				CLANG_WARN_UNREACHABLE_CODE = YES;
				CLANG_WARN__DUPLICATE_METHOD_MATCH = YES;
				CODE_SIGN_IDENTITY = "-";
				COPY_PHASE_STRIP = NO;
				DEBUG_INFORMATION_FORMAT = "dwarf-with-dsym";
				ENABLE_NS_ASSERTIONS = NO;
				ENABLE_STRICT_OBJC_MSGSEND = YES;
				GCC_C_LANGUAGE_STANDARD = gnu99;
				GCC_NO_COMMON_BLOCKS = YES;
				GCC_WARN_64_TO_32_BIT_CONVERSION = YES;
				GCC_WARN_ABOUT_RETURN_TYPE = YES_ERROR;
				GCC_WARN_UNDECLARED_SELECTOR = YES;
				GCC_WARN_UNINITIALIZED_AUTOS = YES_AGGRESSIVE;
				GCC_WARN_UNUSED_FUNCTION = YES;
				GCC_WARN_UNUSED_VARIABLE = YES;
				MACOSX_DEPLOYMENT_TARGET = 10.11;
				MTL_ENABLE_DEBUG_INFO = NO;
				SDKROOT = macosx;
			};
			name = Release;
		};
		49257DBF1D638DC300540BA3 /* Debug */ = {
			isa = XCBuildConfiguration;
			buildSettings = {
				PRODUCT_NAME = "$(TARGET_NAME)";
			};
			name = Debug;
		};
		49257DC01D638DC300540BA3 /* Release */ = {
			isa = XCBuildConfiguration;
			buildSettings = {
				PRODUCT_NAME = "$(TARGET_NAME)";
			};
			name = Release;
		};
/* End XCBuildConfiguration section */

/* Begin XCConfigurationList section */
		49257DB21D638DC300540BA3 /* Build configuration list for PBXProject "Self Portrait" */ = {
			isa = XCConfigurationList;
			buildConfigurations = (
				49257DBC1D638DC300540BA3 /* Debug */,
				49257DBD1D638DC300540BA3 /* Release */,
			);
			defaultConfigurationIsVisible = 0;
			defaultConfigurationName = Release;
		};
		49257DBE1D638DC300540BA3 /* Build configuration list for PBXNativeTarget "Self Portrait" */ = {
			isa = XCConfigurationList;
			buildConfigurations = (
				49257DBF1D638DC300540BA3 /* Debug */,
				49257DC01D638DC300540BA3 /* Release */,
			);
			defaultConfigurationIsVisible = 0;
		};
/* End XCConfigurationList section */
	};
	rootObject = 49257DAF1D638DC300540BA3 /* Project object */;
}
